// !$*UTF8*$!
{
	archiveVersion = 1;
	classes = {
	};
	objectVersion = 55;
	objects = {

/* Begin PBXBuildFile section */
		BD4629902899A58100B37A20 /* AppDelegate.swift in Sources */ = {isa = PBXBuildFile; fileRef = BD46298F2899A58100B37A20 /* AppDelegate.swift */; };
		BD4629922899A58100B37A20 /* SceneDelegate.swift in Sources */ = {isa = PBXBuildFile; fileRef = BD4629912899A58100B37A20 /* SceneDelegate.swift */; };
		BD4629942899A58100B37A20 /* ViewController.swift in Sources */ = {isa = PBXBuildFile; fileRef = BD4629932899A58100B37A20 /* ViewController.swift */; };
		BD4629972899A58100B37A20 /* Main.storyboard in Resources */ = {isa = PBXBuildFile; fileRef = BD4629952899A58100B37A20 /* Main.storyboard */; };
		BD4629992899A58200B37A20 /* Assets.xcassets in Resources */ = {isa = PBXBuildFile; fileRef = BD4629982899A58200B37A20 /* Assets.xcassets */; };
		BD46299C2899A58200B37A20 /* LaunchScreen.storyboard in Resources */ = {isa = PBXBuildFile; fileRef = BD46299A2899A58200B37A20 /* LaunchScreen.storyboard */; };
		BD4629A72899A58300B37A20 /* githubPracticeTests.swift in Sources */ = {isa = PBXBuildFile; fileRef = BD4629A62899A58300B37A20 /* githubPracticeTests.swift */; };
		BD4629B12899A58300B37A20 /* githubPracticeUITests.swift in Sources */ = {isa = PBXBuildFile; fileRef = BD4629B02899A58300B37A20 /* githubPracticeUITests.swift */; };
		BD4629B32899A58300B37A20 /* githubPracticeUITestsLaunchTests.swift in Sources */ = {isa = PBXBuildFile; fileRef = BD4629B22899A58300B37A20 /* githubPracticeUITestsLaunchTests.swift */; };
/* End PBXBuildFile section */

/* Begin PBXContainerItemProxy section */
		BD4629A32899A58200B37A20 /* PBXContainerItemProxy */ = {
			isa = PBXContainerItemProxy;
			containerPortal = BD4629842899A58100B37A20 /* Project object */;
			proxyType = 1;
			remoteGlobalIDString = BD46298B2899A58100B37A20;
			remoteInfo = githubPractice;
		};
		BD4629AD2899A58300B37A20 /* PBXContainerItemProxy */ = {
			isa = PBXContainerItemProxy;
			containerPortal = BD4629842899A58100B37A20 /* Project object */;
			proxyType = 1;
			remoteGlobalIDString = BD46298B2899A58100B37A20;
			remoteInfo = githubPractice;
		};
/* End PBXContainerItemProxy section */

/* Begin PBXFileReference section */
		BD46298C2899A58100B37A20 /* githubPractice.app */ = {isa = PBXFileReference; explicitFileType = wrapper.application; includeInIndex = 0; path = githubPractice.app; sourceTree = BUILT_PRODUCTS_DIR; };
		BD46298F2899A58100B37A20 /* AppDelegate.swift */ = {isa = PBXFileReference; lastKnownFileType = sourcecode.swift; path = AppDelegate.swift; sourceTree = "<group>"; };
		BD4629912899A58100B37A20 /* SceneDelegate.swift */ = {isa = PBXFileReference; lastKnownFileType = sourcecode.swift; path = SceneDelegate.swift; sourceTree = "<group>"; };
		BD4629932899A58100B37A20 /* ViewController.swift */ = {isa = PBXFileReference; lastKnownFileType = sourcecode.swift; path = ViewController.swift; sourceTree = "<group>"; };
		BD4629962899A58100B37A20 /* Base */ = {isa = PBXFileReference; lastKnownFileType = file.storyboard; name = Base; path = Base.lproj/Main.storyboard; sourceTree = "<group>"; };
		BD4629982899A58200B37A20 /* Assets.xcassets */ = {isa = PBXFileReference; lastKnownFileType = folder.assetcatalog; path = Assets.xcassets; sourceTree = "<group>"; };
		BD46299B2899A58200B37A20 /* Base */ = {isa = PBXFileReference; lastKnownFileType = file.storyboard; name = Base; path = Base.lproj/LaunchScreen.storyboard; sourceTree = "<group>"; };
		BD46299D2899A58200B37A20 /* Info.plist */ = {isa = PBXFileReference; lastKnownFileType = text.plist.xml; path = Info.plist; sourceTree = "<group>"; };
		BD4629A22899A58200B37A20 /* githubPracticeTests.xctest */ = {isa = PBXFileReference; explicitFileType = wrapper.cfbundle; includeInIndex = 0; path = githubPracticeTests.xctest; sourceTree = BUILT_PRODUCTS_DIR; };
		BD4629A62899A58300B37A20 /* githubPracticeTests.swift */ = {isa = PBXFileReference; lastKnownFileType = sourcecode.swift; path = githubPracticeTests.swift; sourceTree = "<group>"; };
		BD4629AC2899A58300B37A20 /* githubPracticeUITests.xctest */ = {isa = PBXFileReference; explicitFileType = wrapper.cfbundle; includeInIndex = 0; path = githubPracticeUITests.xctest; sourceTree = BUILT_PRODUCTS_DIR; };
		BD4629B02899A58300B37A20 /* githubPracticeUITests.swift */ = {isa = PBXFileReference; lastKnownFileType = sourcecode.swift; path = githubPracticeUITests.swift; sourceTree = "<group>"; };
		BD4629B22899A58300B37A20 /* githubPracticeUITestsLaunchTests.swift */ = {isa = PBXFileReference; lastKnownFileType = sourcecode.swift; path = githubPracticeUITestsLaunchTests.swift; sourceTree = "<group>"; };
/* End PBXFileReference section */

/* Begin PBXFrameworksBuildPhase section */
		BD4629892899A58100B37A20 /* Frameworks */ = {
			isa = PBXFrameworksBuildPhase;
			buildActionMask = 2147483647;
			files = (
			);
			runOnlyForDeploymentPostprocessing = 0;
		};
		BD46299F2899A58200B37A20 /* Frameworks */ = {
			isa = PBXFrameworksBuildPhase;
			buildActionMask = 2147483647;
			files = (
			);
			runOnlyForDeploymentPostprocessing = 0;
		};
		BD4629A92899A58300B37A20 /* Frameworks */ = {
			isa = PBXFrameworksBuildPhase;
			buildActionMask = 2147483647;
			files = (
			);
			runOnlyForDeploymentPostprocessing = 0;
		};
/* End PBXFrameworksBuildPhase section */

/* Begin PBXGroup section */
		BD4629832899A58100B37A20 = {
			isa = PBXGroup;
			children = (
				BD46298E2899A58100B37A20 /* githubPractice */,
				BD4629A52899A58200B37A20 /* githubPracticeTests */,
				BD4629AF2899A58300B37A20 /* githubPracticeUITests */,
				BD46298D2899A58100B37A20 /* Products */,
			);
			sourceTree = "<group>";
		};
		BD46298D2899A58100B37A20 /* Products */ = {
			isa = PBXGroup;
			children = (
				BD46298C2899A58100B37A20 /* githubPractice.app */,
				BD4629A22899A58200B37A20 /* githubPracticeTests.xctest */,
				BD4629AC2899A58300B37A20 /* githubPracticeUITests.xctest */,
			);
			name = Products;
			sourceTree = "<group>";
		};
		BD46298E2899A58100B37A20 /* githubPractice */ = {
			isa = PBXGroup;
			children = (
				BD46298F2899A58100B37A20 /* AppDelegate.swift */,
				BD4629912899A58100B37A20 /* SceneDelegate.swift */,
				BD4629932899A58100B37A20 /* ViewController.swift */,
				BD4629952899A58100B37A20 /* Main.storyboard */,
				BD4629982899A58200B37A20 /* Assets.xcassets */,
				BD46299A2899A58200B37A20 /* LaunchScreen.storyboard */,
				BD46299D2899A58200B37A20 /* Info.plist */,
			);
			path = githubPractice;
			sourceTree = "<group>";
		};
		BD4629A52899A58200B37A20 /* githubPracticeTests */ = {
			isa = PBXGroup;
			children = (
				BD4629A62899A58300B37A20 /* githubPracticeTests.swift */,
			);
			path = githubPracticeTests;
			sourceTree = "<group>";
		};
		BD4629AF2899A58300B37A20 /* githubPracticeUITests */ = {
			isa = PBXGroup;
			children = (
				BD4629B02899A58300B37A20 /* githubPracticeUITests.swift */,
				BD4629B22899A58300B37A20 /* githubPracticeUITestsLaunchTests.swift */,
			);
			path = githubPracticeUITests;
			sourceTree = "<group>";
		};
/* End PBXGroup section */

/* Begin PBXNativeTarget section */
		BD46298B2899A58100B37A20 /* githubPractice */ = {
			isa = PBXNativeTarget;
			buildConfigurationList = BD4629B62899A58300B37A20 /* Build configuration list for PBXNativeTarget "githubPractice" */;
			buildPhases = (
				BD4629882899A58100B37A20 /* Sources */,
				BD4629892899A58100B37A20 /* Frameworks */,
				BD46298A2899A58100B37A20 /* Resources */,
			);
			buildRules = (
			);
			dependencies = (
			);
			name = githubPractice;
			productName = githubPractice;
			productReference = BD46298C2899A58100B37A20 /* githubPractice.app */;
			productType = "com.apple.product-type.application";
		};
		BD4629A12899A58200B37A20 /* githubPracticeTests */ = {
			isa = PBXNativeTarget;
			buildConfigurationList = BD4629B92899A58300B37A20 /* Build configuration list for PBXNativeTarget "githubPracticeTests" */;
			buildPhases = (
				BD46299E2899A58200B37A20 /* Sources */,
				BD46299F2899A58200B37A20 /* Frameworks */,
				BD4629A02899A58200B37A20 /* Resources */,
			);
			buildRules = (
			);
			dependencies = (
				BD4629A42899A58200B37A20 /* PBXTargetDependency */,
			);
			name = githubPracticeTests;
			productName = githubPracticeTests;
			productReference = BD4629A22899A58200B37A20 /* githubPracticeTests.xctest */;
			productType = "com.apple.product-type.bundle.unit-test";
		};
		BD4629AB2899A58300B37A20 /* githubPracticeUITests */ = {
			isa = PBXNativeTarget;
			buildConfigurationList = BD4629BC2899A58300B37A20 /* Build configuration list for PBXNativeTarget "githubPracticeUITests" */;
			buildPhases = (
				BD4629A82899A58300B37A20 /* Sources */,
				BD4629A92899A58300B37A20 /* Frameworks */,
				BD4629AA2899A58300B37A20 /* Resources */,
			);
			buildRules = (
			);
			dependencies = (
				BD4629AE2899A58300B37A20 /* PBXTargetDependency */,
			);
			name = githubPracticeUITests;
			productName = githubPracticeUITests;
			productReference = BD4629AC2899A58300B37A20 /* githubPracticeUITests.xctest */;
			productType = "com.apple.product-type.bundle.ui-testing";
		};
/* End PBXNativeTarget section */

/* Begin PBXProject section */
		BD4629842899A58100B37A20 /* Project object */ = {
			isa = PBXProject;
			attributes = {
				BuildIndependentTargetsInParallel = 1;
				LastSwiftUpdateCheck = 1340;
				LastUpgradeCheck = 1340;
				TargetAttributes = {
					BD46298B2899A58100B37A20 = {
						CreatedOnToolsVersion = 13.4.1;
					};
					BD4629A12899A58200B37A20 = {
						CreatedOnToolsVersion = 13.4.1;
						TestTargetID = BD46298B2899A58100B37A20;
					};
					BD4629AB2899A58300B37A20 = {
						CreatedOnToolsVersion = 13.4.1;
						TestTargetID = BD46298B2899A58100B37A20;
					};
				};
			};
			buildConfigurationList = BD4629872899A58100B37A20 /* Build configuration list for PBXProject "githubPractice" */;
			compatibilityVersion = "Xcode 13.0";
			developmentRegion = en;
			hasScannedForEncodings = 0;
			knownRegions = (
				en,
				Base,
			);
			mainGroup = BD4629832899A58100B37A20;
			productRefGroup = BD46298D2899A58100B37A20 /* Products */;
			projectDirPath = "";
			projectRoot = "";
			targets = (
				BD46298B2899A58100B37A20 /* githubPractice */,
				BD4629A12899A58200B37A20 /* githubPracticeTests */,
				BD4629AB2899A58300B37A20 /* githubPracticeUITests */,
			);
		};
/* End PBXProject section */

/* Begin PBXResourcesBuildPhase section */
		BD46298A2899A58100B37A20 /* Resources */ = {
			isa = PBXResourcesBuildPhase;
			buildActionMask = 2147483647;
			files = (
				BD46299C2899A58200B37A20 /* LaunchScreen.storyboard in Resources */,
				BD4629992899A58200B37A20 /* Assets.xcassets in Resources */,
				BD4629972899A58100B37A20 /* Main.storyboard in Resources */,
			);
			runOnlyForDeploymentPostprocessing = 0;
		};
		BD4629A02899A58200B37A20 /* Resources */ = {
			isa = PBXResourcesBuildPhase;
			buildActionMask = 2147483647;
			files = (
			);
			runOnlyForDeploymentPostprocessing = 0;
		};
		BD4629AA2899A58300B37A20 /* Resources */ = {
			isa = PBXResourcesBuildPhase;
			buildActionMask = 2147483647;
			files = (
			);
			runOnlyForDeploymentPostprocessing = 0;
		};
/* End PBXResourcesBuildPhase section */

/* Begin PBXSourcesBuildPhase section */
		BD4629882899A58100B37A20 /* Sources */ = {
			isa = PBXSourcesBuildPhase;
			buildActionMask = 2147483647;
			files = (
				BD4629942899A58100B37A20 /* ViewController.swift in Sources */,
				BD4629902899A58100B37A20 /* AppDelegate.swift in Sources */,
				BD4629922899A58100B37A20 /* SceneDelegate.swift in Sources */,
			);
			runOnlyForDeploymentPostprocessing = 0;
		};
		BD46299E2899A58200B37A20 /* Sources */ = {
			isa = PBXSourcesBuildPhase;
			buildActionMask = 2147483647;
			files = (
				BD4629A72899A58300B37A20 /* githubPracticeTests.swift in Sources */,
			);
			runOnlyForDeploymentPostprocessing = 0;
		};
		BD4629A82899A58300B37A20 /* Sources */ = {
			isa = PBXSourcesBuildPhase;
			buildActionMask = 2147483647;
			files = (
				BD4629B32899A58300B37A20 /* githubPracticeUITestsLaunchTests.swift in Sources */,
				BD4629B12899A58300B37A20 /* githubPracticeUITests.swift in Sources */,
			);
			runOnlyForDeploymentPostprocessing = 0;
		};
/* End PBXSourcesBuildPhase section */

/* Begin PBXTargetDependency section */
		BD4629A42899A58200B37A20 /* PBXTargetDependency */ = {
			isa = PBXTargetDependency;
			target = BD46298B2899A58100B37A20 /* githubPractice */;
			targetProxy = BD4629A32899A58200B37A20 /* PBXContainerItemProxy */;
		};
		BD4629AE2899A58300B37A20 /* PBXTargetDependency */ = {
			isa = PBXTargetDependency;
			target = BD46298B2899A58100B37A20 /* githubPractice */;
			targetProxy = BD4629AD2899A58300B37A20 /* PBXContainerItemProxy */;
		};
/* End PBXTargetDependency section */

/* Begin PBXVariantGroup section */
		BD4629952899A58100B37A20 /* Main.storyboard */ = {
			isa = PBXVariantGroup;
			children = (
				BD4629962899A58100B37A20 /* Base */,
			);
			name = Main.storyboard;
			sourceTree = "<group>";
		};
		BD46299A2899A58200B37A20 /* LaunchScreen.storyboard */ = {
			isa = PBXVariantGroup;
			children = (
				BD46299B2899A58200B37A20 /* Base */,
			);
			name = LaunchScreen.storyboard;
			sourceTree = "<group>";
		};
/* End PBXVariantGroup section */

/* Begin XCBuildConfiguration section */
		BD4629B42899A58300B37A20 /* Debug */ = {
			isa = XCBuildConfiguration;
			buildSettings = {
				ALWAYS_SEARCH_USER_PATHS = NO;
				CLANG_ANALYZER_NONNULL = YES;
				CLANG_ANALYZER_NUMBER_OBJECT_CONVERSION = YES_AGGRESSIVE;
				CLANG_CXX_LANGUAGE_STANDARD = "gnu++17";
				CLANG_ENABLE_MODULES = YES;
				CLANG_ENABLE_OBJC_ARC = YES;
				CLANG_ENABLE_OBJC_WEAK = YES;
				CLANG_WARN_BLOCK_CAPTURE_AUTORELEASING = YES;
				CLANG_WARN_BOOL_CONVERSION = YES;
				CLANG_WARN_COMMA = YES;
				CLANG_WARN_CONSTANT_CONVERSION = YES;
				CLANG_WARN_DEPRECATED_OBJC_IMPLEMENTATIONS = YES;
				CLANG_WARN_DIRECT_OBJC_ISA_USAGE = YES_ERROR;
				CLANG_WARN_DOCUMENTATION_COMMENTS = YES;
				CLANG_WARN_EMPTY_BODY = YES;
				CLANG_WARN_ENUM_CONVERSION = YES;
				CLANG_WARN_INFINITE_RECURSION = YES;
				CLANG_WARN_INT_CONVERSION = YES;
				CLANG_WARN_NON_LITERAL_NULL_CONVERSION = YES;
				CLANG_WARN_OBJC_IMPLICIT_RETAIN_SELF = YES;
				CLANG_WARN_OBJC_LITERAL_CONVERSION = YES;
				CLANG_WARN_OBJC_ROOT_CLASS = YES_ERROR;
				CLANG_WARN_QUOTED_INCLUDE_IN_FRAMEWORK_HEADER = YES;
				CLANG_WARN_RANGE_LOOP_ANALYSIS = YES;
				CLANG_WARN_STRICT_PROTOTYPES = YES;
				CLANG_WARN_SUSPICIOUS_MOVE = YES;
				CLANG_WARN_UNGUARDED_AVAILABILITY = YES_AGGRESSIVE;
				CLANG_WARN_UNREACHABLE_CODE = YES;
				CLANG_WARN__DUPLICATE_METHOD_MATCH = YES;
				COPY_PHASE_STRIP = NO;
				DEBUG_INFORMATION_FORMAT = dwarf;
				ENABLE_STRICT_OBJC_MSGSEND = YES;
				ENABLE_TESTABILITY = YES;
				GCC_C_LANGUAGE_STANDARD = gnu11;
				GCC_DYNAMIC_NO_PIC = NO;
				GCC_NO_COMMON_BLOCKS = YES;
				GCC_OPTIMIZATION_LEVEL = 0;
				GCC_PREPROCESSOR_DEFINITIONS = (
					"DEBUG=1",
					"$(inherited)",
				);
				GCC_WARN_64_TO_32_BIT_CONVERSION = YES;
				GCC_WARN_ABOUT_RETURN_TYPE = YES_ERROR;
				GCC_WARN_UNDECLARED_SELECTOR = YES;
				GCC_WARN_UNINITIALIZED_AUTOS = YES_AGGRESSIVE;
				GCC_WARN_UNUSED_FUNCTION = YES;
				GCC_WARN_UNUSED_VARIABLE = YES;
				IPHONEOS_DEPLOYMENT_TARGET = 15.5;
				MTL_ENABLE_DEBUG_INFO = INCLUDE_SOURCE;
				MTL_FAST_MATH = YES;
				ONLY_ACTIVE_ARCH = YES;
				SDKROOT = iphoneos;
				SWIFT_ACTIVE_COMPILATION_CONDITIONS = DEBUG;
				SWIFT_OPTIMIZATION_LEVEL = "-Onone";
			};
			name = Debug;
		};
		BD4629B52899A58300B37A20 /* Release */ = {
			isa = XCBuildConfiguration;
			buildSettings = {
				ALWAYS_SEARCH_USER_PATHS = NO;
				CLANG_ANALYZER_NONNULL = YES;
				CLANG_ANALYZER_NUMBER_OBJECT_CONVERSION = YES_AGGRESSIVE;
				CLANG_CXX_LANGUAGE_STANDARD = "gnu++17";
				CLANG_ENABLE_MODULES = YES;
				CLANG_ENABLE_OBJC_ARC = YES;
				CLANG_ENABLE_OBJC_WEAK = YES;
				CLANG_WARN_BLOCK_CAPTURE_AUTORELEASING = YES;
				CLANG_WARN_BOOL_CONVERSION = YES;
				CLANG_WARN_COMMA = YES;
				CLANG_WARN_CONSTANT_CONVERSION = YES;
				CLANG_WARN_DEPRECATED_OBJC_IMPLEMENTATIONS = YES;
				CLANG_WARN_DIRECT_OBJC_ISA_USAGE = YES_ERROR;
				CLANG_WARN_DOCUMENTATION_COMMENTS = YES;
				CLANG_WARN_EMPTY_BODY = YES;
				CLANG_WARN_ENUM_CONVERSION = YES;
				CLANG_WARN_INFINITE_RECURSION = YES;
				CLANG_WARN_INT_CONVERSION = YES;
				CLANG_WARN_NON_LITERAL_NULL_CONVERSION = YES;
				CLANG_WARN_OBJC_IMPLICIT_RETAIN_SELF = YES;
				CLANG_WARN_OBJC_LITERAL_CONVERSION = YES;
				CLANG_WARN_OBJC_ROOT_CLASS = YES_ERROR;
				CLANG_WARN_QUOTED_INCLUDE_IN_FRAMEWORK_HEADER = YES;
				CLANG_WARN_RANGE_LOOP_ANALYSIS = YES;
				CLANG_WARN_STRICT_PROTOTYPES = YES;
				CLANG_WARN_SUSPICIOUS_MOVE = YES;
				CLANG_WARN_UNGUARDED_AVAILABILITY = YES_AGGRESSIVE;
				CLANG_WARN_UNREACHABLE_CODE = YES;
				CLANG_WARN__DUPLICATE_METHOD_MATCH = YES;
				COPY_PHASE_STRIP = NO;
				DEBUG_INFORMATION_FORMAT = "dwarf-with-dsym";
				ENABLE_NS_ASSERTIONS = NO;
				ENABLE_STRICT_OBJC_MSGSEND = YES;
				GCC_C_LANGUAGE_STANDARD = gnu11;
				GCC_NO_COMMON_BLOCKS = YES;
				GCC_WARN_64_TO_32_BIT_CONVERSION = YES;
				GCC_WARN_ABOUT_RETURN_TYPE = YES_ERROR;
				GCC_WARN_UNDECLARED_SELECTOR = YES;
				GCC_WARN_UNINITIALIZED_AUTOS = YES_AGGRESSIVE;
				GCC_WARN_UNUSED_FUNCTION = YES;
				GCC_WARN_UNUSED_VARIABLE = YES;
				IPHONEOS_DEPLOYMENT_TARGET = 15.5;
				MTL_ENABLE_DEBUG_INFO = NO;
				MTL_FAST_MATH = YES;
				SDKROOT = iphoneos;
				SWIFT_COMPILATION_MODE = wholemodule;
				SWIFT_OPTIMIZATION_LEVEL = "-O";
				VALIDATE_PRODUCT = YES;
			};
			name = Release;
		};
		BD4629B72899A58300B37A20 /* Debug */ = {
			isa = XCBuildConfiguration;
			buildSettings = {
				ASSETCATALOG_COMPILER_APPICON_NAME = AppIcon;
				ASSETCATALOG_COMPILER_GLOBAL_ACCENT_COLOR_NAME = AccentColor;
				CODE_SIGN_STYLE = Automatic;
				CURRENT_PROJECT_VERSION = 1;
				GENERATE_INFOPLIST_FILE = YES;
				INFOPLIST_FILE = githubPractice/Info.plist;
				INFOPLIST_KEY_UIApplicationSupportsIndirectInputEvents = YES;
				INFOPLIST_KEY_UILaunchStoryboardName = LaunchScreen;
				INFOPLIST_KEY_UIMainStoryboardFile = Main;
				INFOPLIST_KEY_UISupportedInterfaceOrientations_iPad = "UIInterfaceOrientationPortrait UIInterfaceOrientationPortraitUpsideDown UIInterfaceOrientationLandscapeLeft UIInterfaceOrientationLandscapeRight";
				INFOPLIST_KEY_UISupportedInterfaceOrientations_iPhone = "UIInterfaceOrientationPortrait UIInterfaceOrientationLandscapeLeft UIInterfaceOrientationLandscapeRight";
				LD_RUNPATH_SEARCH_PATHS = (
					"$(inherited)",
					"@executable_path/Frameworks",
				);
				MARKETING_VERSION = 1.0;
				PRODUCT_BUNDLE_IDENTIFIER = kwk.githubPractice;
				PRODUCT_NAME = "$(TARGET_NAME)";
				SWIFT_EMIT_LOC_STRINGS = YES;
				SWIFT_VERSION = 5.0;
				TARGETED_DEVICE_FAMILY = "1,2";
			};
			name = Debug;
		};
		BD4629B82899A58300B37A20 /* Release */ = {
			isa = XCBuildConfiguration;
			buildSettings = {
				ASSETCATALOG_COMPILER_APPICON_NAME = AppIcon;
				ASSETCATALOG_COMPILER_GLOBAL_ACCENT_COLOR_NAME = AccentColor;
				CODE_SIGN_STYLE = Automatic;
				CURRENT_PROJECT_VERSION = 1;
				GENERATE_INFOPLIST_FILE = YES;
				INFOPLIST_FILE = githubPractice/Info.plist;
				INFOPLIST_KEY_UIApplicationSupportsIndirectInputEvents = YES;
				INFOPLIST_KEY_UILaunchStoryboardName = LaunchScreen;
				INFOPLIST_KEY_UIMainStoryboardFile = Main;
				INFOPLIST_KEY_UISupportedInterfaceOrientations_iPad = "UIInterfaceOrientationPortrait UIInterfaceOrientationPortraitUpsideDown UIInterfaceOrientationLandscapeLeft UIInterfaceOrientationLandscapeRight";
				INFOPLIST_KEY_UISupportedInterfaceOrientations_iPhone = "UIInterfaceOrientationPortrait UIInterfaceOrientationLandscapeLeft UIInterfaceOrientationLandscapeRight";
				LD_RUNPATH_SEARCH_PATHS = (
					"$(inherited)",
					"@executable_path/Frameworks",
				);
				MARKETING_VERSION = 1.0;
				PRODUCT_BUNDLE_IDENTIFIER = kwk.githubPractice;
				PRODUCT_NAME = "$(TARGET_NAME)";
				SWIFT_EMIT_LOC_STRINGS = YES;
				SWIFT_VERSION = 5.0;
				TARGETED_DEVICE_FAMILY = "1,2";
			};
			name = Release;
		};
		BD4629BA2899A58300B37A20 /* Debug */ = {
			isa = XCBuildConfiguration;
			buildSettings = {
				ALWAYS_EMBED_SWIFT_STANDARD_LIBRARIES = YES;
				BUNDLE_LOADER = "$(TEST_HOST)";
				CODE_SIGN_STYLE = Automatic;
				CURRENT_PROJECT_VERSION = 1;
				GENERATE_INFOPLIST_FILE = YES;
				IPHONEOS_DEPLOYMENT_TARGET = 15.5;
				MARKETING_VERSION = 1.0;
				PRODUCT_BUNDLE_IDENTIFIER = kwk.githubPracticeTests;
				PRODUCT_NAME = "$(TARGET_NAME)";
				SWIFT_EMIT_LOC_STRINGS = NO;
				SWIFT_VERSION = 5.0;
				TARGETED_DEVICE_FAMILY = "1,2";
				TEST_HOST = "$(BUILT_PRODUCTS_DIR)/githubPractice.app/githubPractice";
			};
			name = Debug;
		};
		BD4629BB2899A58300B37A20 /* Release */ = {
			isa = XCBuildConfiguration;
			buildSettings = {
				ALWAYS_EMBED_SWIFT_STANDARD_LIBRARIES = YES;
				BUNDLE_LOADER = "$(TEST_HOST)";
				CODE_SIGN_STYLE = Automatic;
				CURRENT_PROJECT_VERSION = 1;
				GENERATE_INFOPLIST_FILE = YES;
				IPHONEOS_DEPLOYMENT_TARGET = 15.5;
				MARKETING_VERSION = 1.0;
				PRODUCT_BUNDLE_IDENTIFIER = kwk.githubPracticeTests;
				PRODUCT_NAME = "$(TARGET_NAME)";
				SWIFT_EMIT_LOC_STRINGS = NO;
				SWIFT_VERSION = 5.0;
				TARGETED_DEVICE_FAMILY = "1,2";
				TEST_HOST = "$(BUILT_PRODUCTS_DIR)/githubPractice.app/githubPractice";
			};
			name = Release;
		};
		BD4629BD2899A58300B37A20 /* Debug */ = {
			isa = XCBuildConfiguration;
			buildSettings = {
				ALWAYS_EMBED_SWIFT_STANDARD_LIBRARIES = YES;
				CODE_SIGN_STYLE = Automatic;
				CURRENT_PROJECT_VERSION = 1;
				GENERATE_INFOPLIST_FILE = YES;
				MARKETING_VERSION = 1.0;
				PRODUCT_BUNDLE_IDENTIFIER = kwk.githubPracticeUITests;
				PRODUCT_NAME = "$(TARGET_NAME)";
				SWIFT_EMIT_LOC_STRINGS = NO;
				SWIFT_VERSION = 5.0;
				TARGETED_DEVICE_FAMILY = "1,2";
				TEST_TARGET_NAME = githubPractice;
			};
			name = Debug;
		};
		BD4629BE2899A58300B37A20 /* Release */ = {
			isa = XCBuildConfiguration;
			buildSettings = {
				ALWAYS_EMBED_SWIFT_STANDARD_LIBRARIES = YES;
				CODE_SIGN_STYLE = Automatic;
				CURRENT_PROJECT_VERSION = 1;
				GENERATE_INFOPLIST_FILE = YES;
				MARKETING_VERSION = 1.0;
				PRODUCT_BUNDLE_IDENTIFIER = kwk.githubPracticeUITests;
				PRODUCT_NAME = "$(TARGET_NAME)";
				SWIFT_EMIT_LOC_STRINGS = NO;
				SWIFT_VERSION = 5.0;
				TARGETED_DEVICE_FAMILY = "1,2";
				TEST_TARGET_NAME = githubPractice;
			};
			name = Release;
		};
/* End XCBuildConfiguration section */

/* Begin XCConfigurationList section */
		BD4629872899A58100B37A20 /* Build configuration list for PBXProject "githubPractice" */ = {
			isa = XCConfigurationList;
			buildConfigurations = (
				BD4629B42899A58300B37A20 /* Debug */,
				BD4629B52899A58300B37A20 /* Release */,
			);
			defaultConfigurationIsVisible = 0;
			defaultConfigurationName = Release;
		};
		BD4629B62899A58300B37A20 /* Build configuration list for PBXNativeTarget "githubPractice" */ = {
			isa = XCConfigurationList;
			buildConfigurations = (
				BD4629B72899A58300B37A20 /* Debug */,
				BD4629B82899A58300B37A20 /* Release */,
			);
			defaultConfigurationIsVisible = 0;
			defaultConfigurationName = Release;
		};
		BD4629B92899A58300B37A20 /* Build configuration list for PBXNativeTarget "githubPracticeTests" */ = {
			isa = XCConfigurationList;
			buildConfigurations = (
				BD4629BA2899A58300B37A20 /* Debug */,
				BD4629BB2899A58300B37A20 /* Release */,
			);
			defaultConfigurationIsVisible = 0;
			defaultConfigurationName = Release;
		};
		BD4629BC2899A58300B37A20 /* Build configuration list for PBXNativeTarget "githubPracticeUITests" */ = {
			isa = XCConfigurationList;
			buildConfigurations = (
				BD4629BD2899A58300B37A20 /* Debug */,
				BD4629BE2899A58300B37A20 /* Release */,
			);
			defaultConfigurationIsVisible = 0;
			defaultConfigurationName = Release;
		};
/* End XCConfigurationList section */
	};
	rootObject = BD4629842899A58100B37A20 /* Project object */;
}
